
Microsoft Visual Studio Solution File, Format Version 12.00
# Visual Studio 2013
VisualStudioVersion = 12.0.21005.1
MinimumVisualStudioVersion = 10.0.40219.1
Project("{FAE04EC0-301F-11D3-BF4B-00C04F79EFBC}") = "Assignment1", "Assignment1.csproj", "{A5718205-D535-42B4-95E0-E7EC030F5B61}"
EndProject
Project("{FAE04EC0-301F-11D3-BF4B-00C04F79EFBC}") = "Assignment1Test", "Assignment1Test\Assignment1Test.csproj", "{478A8851-579B-41EC-8391-29862B75FEE0}"
EndProject
Global
	GlobalSection(SolutionConfigurationPlatforms) = preSolution
		Debug|Any CPU = Debug|Any CPU
		Debug|Mixed Platforms = Debug|Mixed Platforms
		Debug|x86 = Debug|x86
		Release|Any CPU = Release|Any CPU
		Release|Mixed Platforms = Release|Mixed Platforms
		Release|x86 = Release|x86
	EndGlobalSection
	GlobalSection(ProjectConfigurationPlatforms) = postSolution
		{A5718205-D535-42B4-95E0-E7EC030F5B61}.Debug|Any CPU.ActiveCfg = Debug|x86
		{A5718205-D535-42B4-95E0-E7EC030F5B61}.Debug|Mixed Platforms.ActiveCfg = Debug|x86
		{A5718205-D535-42B4-95E0-E7EC030F5B61}.Debug|Mixed Platforms.Build.0 = Debug|x86
		{A5718205-D535-42B4-95E0-E7EC030F5B61}.Debug|x86.ActiveCfg = Debug|x86
		{A5718205-D535-42B4-95E0-E7EC030F5B61}.Debug|x86.Build.0 = Debug|x86
		{A5718205-D535-42B4-95E0-E7EC030F5B61}.Release|Any CPU.ActiveCfg = Release|x86
		{A5718205-D535-42B4-95E0-E7EC030F5B61}.Release|Mixed Platforms.ActiveCfg = Release|x86
		{A5718205-D535-42B4-95E0-E7EC030F5B61}.Release|Mixed Platforms.Build.0 = Release|x86
		{A5718205-D535-42B4-95E0-E7EC030F5B61}.Release|x86.ActiveCfg = Release|x86
		{A5718205-D535-42B4-95E0-E7EC030F5B61}.Release|x86.Build.0 = Release|x86
		{478A8851-579B-41EC-8391-29862B75FEE0}.Debug|Any CPU.ActiveCfg = Debug|Any CPU
		{478A8851-579B-41EC-8391-29862B75FEE0}.Debug|Any CPU.Build.0 = Debug|Any CPU
		{478A8851-579B-41EC-8391-29862B75FEE0}.Debug|Mixed Platforms.ActiveCfg = Debug|Any CPU
		{478A8851-579B-41EC-8391-29862B75FEE0}.Debug|Mixed Platforms.Build.0 = Debug|Any CPU
		{478A8851-579B-41EC-8391-29862B75FEE0}.Debug|x86.ActiveCfg = Debug|Any CPU
		{478A8851-579B-41EC-8391-29862B75FEE0}.Release|Any CPU.ActiveCfg = Release|Any CPU
		{478A8851-579B-41EC-8391-29862B75FEE0}.Release|Any CPU.Build.0 = Release|Any CPU
		{478A8851-579B-41EC-8391-29862B75FEE0}.Release|Mixed Platforms.ActiveCfg = Release|Any CPU
		{478A8851-579B-41EC-8391-29862B75FEE0}.Release|Mixed Platforms.Build.0 = Release|Any CPU
		{478A8851-579B-41EC-8391-29862B75FEE0}.Release|x86.ActiveCfg = Release|Any CPU
	EndGlobalSection
	GlobalSection(SolutionProperties) = preSolution
		HideSolutionNode = FALSE
	EndGlobalSection
EndGlobal
